
Microsoft Visual Studio Solution File, Format Version 12.00
# Visual Studio Version 16
VisualStudioVersion = 16.0.32106.194
MinimumVisualStudioVersion = 10.0.40219.1
Project("{FAE04EC0-301F-11D3-BF4B-00C04F79EFBC}") = "ShowCurrentFilters", "ShowCurrentFilters.csproj", "{CBA98B93-DBEB-41A6-954E-E122D40B0B39}"
EndProject
Global
	GlobalSection(SolutionConfigurationPlatforms) = preSolution
		Debug|Any CPU = Debug|Any CPU
		Release|Any CPU = Release|Any CPU
	EndGlobalSection
	GlobalSection(ProjectConfigurationPlatforms) = postSolution
		{CBA98B93-DBEB-41A6-954E-E122D40B0B39}.Debug|Any CPU.ActiveCfg = Debug|Any CPU
		{CBA98B93-DBEB-41A6-954E-E122D40B0B39}.Debug|Any CPU.Build.0 = Debug|Any CPU
		{CBA98B93-DBEB-41A6-954E-E122D40B0B39}.Release|Any CPU.ActiveCfg = Release|Any CPU
		{CBA98B93-DBEB-41A6-954E-E122D40B0B39}.Release|Any CPU.Build.0 = Release|Any CPU
	EndGlobalSection
	GlobalSection(SolutionProperties) = preSolution
		HideSolutionNode = FALSE
	EndGlobalSection
	GlobalSection(ExtensibilityGlobals) = postSolution
		SolutionGuid = {E7EA102B-2A3E-4C5E-A2B5-663F761F7062}
	EndGlobalSection
EndGlobal
